
Microsoft Visual Studio Solution File, Format Version 11.00
# Visual Studio 2010
Project("{FAE04EC0-301F-11D3-BF4B-00C04F79EFBC}") = "News_paper", "Assembly-CSharp.csproj", "{9C7F9023-F476-E820-C193-B102D132DC0F}"
EndProject
Project("{FAE04EC0-301F-11D3-BF4B-00C04F79EFBC}") = "News_paper", "Assembly-CSharp-Editor.csproj", "{C9889B54-899E-351B-324A-D09921D3D571}"
EndProject
Global
	GlobalSection(SolutionConfigurationPlatforms) = preSolution
		Debug|Any CPU = Debug|Any CPU
		Release|Any CPU = Release|Any CPU
	EndGlobalSection
	GlobalSection(ProjectConfigurationPlatforms) = postSolution
		{9C7F9023-F476-E820-C193-B102D132DC0F}.Debug|Any CPU.ActiveCfg = Debug|Any CPU
		{9C7F9023-F476-E820-C193-B102D132DC0F}.Debug|Any CPU.Build.0 = Debug|Any CPU
		{9C7F9023-F476-E820-C193-B102D132DC0F}.Release|Any CPU.ActiveCfg = Release|Any CPU
		{9C7F9023-F476-E820-C193-B102D132DC0F}.Release|Any CPU.Build.0 = Release|Any CPU
		{C9889B54-899E-351B-324A-D09921D3D571}.Debug|Any CPU.ActiveCfg = Debug|Any CPU
		{C9889B54-899E-351B-324A-D09921D3D571}.Debug|Any CPU.Build.0 = Debug|Any CPU
		{C9889B54-899E-351B-324A-D09921D3D571}.Release|Any CPU.ActiveCfg = Release|Any CPU
		{C9889B54-899E-351B-324A-D09921D3D571}.Release|Any CPU.Build.0 = Release|Any CPU
	EndGlobalSection
	GlobalSection(SolutionProperties) = preSolution
		HideSolutionNode = FALSE
	EndGlobalSection
	GlobalSection(MonoDevelopProperties) = preSolution
		StartupItem = Assembly-CSharp.csproj
	EndGlobalSection
EndGlobal
